{
  "version": 4,
  "terraform_version": "1.0.3",
  "serial": 13,
  "lineage": "0b8885b0-3f60-07a0-e479-5099bf417712",
  "outputs": {
    "generated_ssh_private_key": {
      "value": "-----BEGIN RSA PRIVATE KEY-----\nMIIEpAIBAAKCAQEAwsXXpNeyX/4kmem3ypDmYkX0U/Cr53QzYCqZDMyD/waMKAds\nVv8Q8v/4xp1N+I1xaArIa253sGsJJKnPQw0XdU5gegSsLItUiTPNZkQkAbSN1XHJ\nmufOuIvpWKQMR2PHZV0PkYc04ocx8989fqGs5lwkfaRjSv3bx2i1EAzUYjeaXVBd\nRTegMemZgzt6SMZ2iJzj7M/FuJaW9+nH2NzdYhnSYRbMD4p6ZWntHfK3dlOf90is\nOM4nSI4yg1hjo2JhHxsazDzL1ypkM95E0LMTj5B3EfwjtnG0qRPV6rHQISSIK6SF\nXjSrTbrDvblclu5Oz+Q77lA8D+oeUIgMdEZQBQIDAQABAoIBAQCPi5e+WWmQ7ZC0\nDlfx5pCkZMIJCxrmXfFvMnXRxPiS/5RT/ASQqTMopBYI6u4H/NZTw36qDqQPVRNL\n/gpOdFuRjM31n3P08ErBQ3hhol6XEyZk5JOcorLrt9GmDmEuTA8sWUWcD3Webd0W\nyrRbm3P94nLSVlEHd8h+UmD/DzWHnAAITqto/V4I6c49iPfsQZqzSudWR3qPczCO\nFKrRNiHbvhJqkM60OcruXxHsUcD1azVvGQBP9lYGNzxytPeSvIFsXR0yLOePNkl2\nfAsUI0AYn8slvtHfCHiaJR8F+XMp/m5rp576Xobo6ePsbBCEirutpAAnR7czRMi/\nakDydU8BAoGBAPjgEvaJRF7OoyZYVGxtIyHvFyodEOwG1UJu4gpiceH/FvKH/hEb\noUzeL+8pAVEvD6VC2bRYt9oZpeFTXM70acYfZOa08/jVBGFEzb5ldXt2s9CN+wFN\njZfvAdP/9KgHr7jrI9gzekbQaYRTeA1FwGZ6PMvkelA+6AUexim6r7C1AoGBAMhZ\nRNgjo6w06OqS+0sO6ir/uRpKSuYJ9mrEqWRCvxcxO2fTpvBPThO51+/G1TeDhHUF\neKkAzqHV0J8nXiGgzvzFwaTG8YKSY54T0Z0qm66iXv6N9VlJ8lcD51hg88ORbF6U\nZ5pkxJrEQEhZfD4/SjA0EtpNACPbCUkQlVc9rcQRAoGBAKUDBO+7sb5eqeQZutgt\nQJcWTLiajwa/vRSQKoWSIkoi9VcXfghf1oH967BZ8sqeNnRvr6MZE8WjLc4JlMaP\nXbaESEWDgyPgMUhA812jLdMPsEe+a8fAYPp0+TRUSCZE+mjUV27ZKuDa/KtFIJtE\nPT51G+xgcAzWuMX0UpWGd0jlAoGAVhU9Jl1R0wk81qVmwd5bsTQFVY18VxEKxt9P\nJRwkvRNTQg5H2VNJ6eHdLVJShLLGs/0w1fTZ0+Fp7SheIrbUmPljdahhVsgNc3ty\ngkQvdj6f8GIQfFfwf4DW4zttIaeXV6AOT+FiNFmEgVGpt5k8CDAntZKGL+HKQJGW\niVCgG/ECgYAhBTqpabjBHrAG+jZ7yLxmZCqgXYaOfriih59EFtRS6OKBGCNMf5Tf\n3B/wAuEgDqD8m4XRLKJSJJwUIavthKg7BiA7b8RSMD69va+1QWK89OzRWHgWNMjk\nLbhp83U/+XEvf6JiRIOVdLi4qmwVDVFv1mew4G8DspBmfQgTDuTa2w==\n-----END RSA PRIVATE KEY-----\n",
      "type": "string",
      "sensitive": true
    },
    "tesWebserverPublicIP": {
      "value": [
        "130.61.177.28"
      ],
      "type": [
        "tuple",
        [
          "string"
        ]
      ]
    }
  },
  "resources": [
    {
      "mode": "data",
      "type": "oci_core_images",
      "name": "OSImage",
      "provider": "provider[\"registry.terraform.io/hashicorp/oci\"]",
      "instances": [
        {
          "schema_version": 0,
          "attributes": {
            "compartment_id": "ocid1.compartment.oc1..aaaaaaaaby25f6lugn4rjkgr2672usv22prrgp3zxjn64o7s2zyi4lyw5s2q",
            "display_name": null,
            "filter": [
              {
                "name": "display_name",
                "regex": true,
                "values": [
                  "^.*Oracle[^G]*$"
                ]
              }
            ],
            "id": "CoreImagesDataSource-3385165369",
            "images": [
              {
                "agent_features": [],
                "base_image_id": "",
                "billable_size_in_gbs": "3",
                "compartment_id": "",
                "create_image_allowed": true,
                "defined_tags": {},
                "display_name": "Oracle-Linux-7.9-2021.06.20-0",
                "freeform_tags": {},
                "id": "ocid1.image.oc1.eu-frankfurt-1.aaaaaaaajlbjf3l5bthwf6nphctu33ytm65r237bmbdjiik4jyfdxjx5iiea",
                "image_source_details": [],
                "instance_id": "",
                "launch_mode": "NATIVE",
                "launch_options": [
                  {
                    "boot_volume_type": "PARAVIRTUALIZED",
                    "firmware": "UEFI_64",
                    "is_consistent_volume_naming_enabled": true,
                    "is_pv_encryption_in_transit_enabled": true,
                    "network_type": "PARAVIRTUALIZED",
                    "remote_data_volume_type": "PARAVIRTUALIZED"
                  }
                ],
                "listing_type": "",
                "operating_system": "Oracle Linux",
                "operating_system_version": "7.9",
                "size_in_mbs": "47694",
                "state": "AVAILABLE",
                "time_created": "2021-06-21 18:10:06.321 +0000 UTC"
              },
              {
                "agent_features": [],
                "base_image_id": "",
                "billable_size_in_gbs": "0",
                "compartment_id": "",
                "create_image_allowed": true,
                "defined_tags": {},
                "display_name": "Oracle-Linux-7.9-2021.05.12-0",
                "freeform_tags": {},
                "id": "ocid1.image.oc1.eu-frankfurt-1.aaaaaaaaprt6uk32tylin3owcddyllao3uthmo7vheqepeybvjj6to7xkdgq",
                "image_source_details": [],
                "instance_id": "",
                "launch_mode": "NATIVE",
                "launch_options": [
                  {
                    "boot_volume_type": "PARAVIRTUALIZED",
                    "firmware": "UEFI_64",
                    "is_consistent_volume_naming_enabled": true,
                    "is_pv_encryption_in_transit_enabled": true,
                    "network_type": "PARAVIRTUALIZED",
                    "remote_data_volume_type": "PARAVIRTUALIZED"
                  }
                ],
                "listing_type": "",
                "operating_system": "Oracle Linux",
                "operating_system_version": "7.9",
                "size_in_mbs": "47694",
                "state": "AVAILABLE",
                "time_created": "2021-05-20 18:04:40.908 +0000 UTC"
              },
              {
                "agent_features": [],
                "base_image_id": "",
                "billable_size_in_gbs": "0",
                "compartment_id": "",
                "create_image_allowed": true,
                "defined_tags": {},
                "display_name": "Oracle-Linux-7.9-2021.04.09-0",
                "freeform_tags": {},
                "id": "ocid1.image.oc1.eu-frankfurt-1.aaaaaaaa4pnql6wprjir2xhf2is2r7u2g7e4s3lufxxjp6hzm3tyepannwra",
                "image_source_details": [],
                "instance_id": "",
                "launch_mode": "NATIVE",
                "launch_options": [
                  {
                    "boot_volume_type": "PARAVIRTUALIZED",
                    "firmware": "UEFI_64",
                    "is_consistent_volume_naming_enabled": true,
                    "is_pv_encryption_in_transit_enabled": true,
                    "network_type": "PARAVIRTUALIZED",
                    "remote_data_volume_type": "PARAVIRTUALIZED"
                  }
                ],
                "listing_type": "",
                "operating_system": "Oracle Linux",
                "operating_system_version": "7.9",
                "size_in_mbs": "47694",
                "state": "AVAILABLE",
                "time_created": "2021-04-13 16:51:14.588 +0000 UTC"
              }
            ],
            "operating_system": "Oracle Linux",
            "operating_system_version": "7.9",
            "shape": "VM.Standard.E3.Flex",
            "sort_by": null,
            "sort_order": null,
            "state": null
          },
          "sensitive_attributes": []
        }
      ]
    },
    {
      "mode": "data",
      "type": "oci_core_vnic",
      "name": "testWebserver_VNIC1",
      "provider": "provider[\"registry.terraform.io/hashicorp/oci\"]",
      "instances": [
        {
          "schema_version": 0,
          "attributes": {
            "availability_domain": "kWcK:EU-FRANKFURT-1-AD-1",
            "compartment_id": "ocid1.compartment.oc1..aaaaaaaaadu2yfvlz3rq3qaperetoos523bbgec25xsm6z3qutr2ds7qyg7q",
            "defined_tags": {
              "Oracle-Tags.CreatedBy": "oracleidentitycloudservice/narender.gaddam@oracle.com",
              "Oracle-Tags.CreatedOn": "2021-07-26T12:10:57.740Z",
              "Schedule.AnyDay": "*,*,*,*,*,*,*,*,*,*,*,*,*,*,*,*,0,*,*,*,*,*,*,*"
            },
            "display_name": "testWebserver",
            "freeform_tags": {},
            "hostname_label": null,
            "id": "ocid1.vnic.oc1.eu-frankfurt-1.abtheljswaebt4sob7tpfsz436dn7d42vesq3adx5gbhdvghhfasa5vhzgua",
            "is_primary": true,
            "mac_address": "02:00:17:07:59:50",
            "nsg_ids": [],
            "private_ip_address": "10.0.1.65",
            "public_ip_address": "130.61.177.28",
            "skip_source_dest_check": false,
            "state": "AVAILABLE",
            "subnet_id": "ocid1.subnet.oc1.eu-frankfurt-1.aaaaaaaagbau43rporciuohl2wfa6i7pwmhgqhhodedljoy3wlpyxdyzuadq",
            "time_created": "2021-07-26 12:11:04.379 +0000 UTC",
            "vlan_id": null,
            "vnic_id": "ocid1.vnic.oc1.eu-frankfurt-1.abtheljswaebt4sob7tpfsz436dn7d42vesq3adx5gbhdvghhfasa5vhzgua"
          },
          "sensitive_attributes": []
        }
      ]
    },
    {
      "mode": "data",
      "type": "oci_core_vnic_attachments",
      "name": "testWebserver_VNIC1_attach",
      "provider": "provider[\"registry.terraform.io/hashicorp/oci\"]",
      "instances": [
        {
          "schema_version": 0,
          "attributes": {
            "availability_domain": "kWcK:EU-FRANKFURT-1-AD-1",
            "compartment_id": "ocid1.compartment.oc1..aaaaaaaaadu2yfvlz3rq3qaperetoos523bbgec25xsm6z3qutr2ds7qyg7q",
            "filter": null,
            "id": "CoreVnicAttachmentsDataSource-654123429",
            "instance_id": "ocid1.instance.oc1.eu-frankfurt-1.antheljszjgvoqyc7lc3lr2w2zo3w5lb765rnvhrrgksoukmzdcsfip5sx7q",
            "vnic_attachments": [
              {
                "availability_domain": "kWcK:EU-FRANKFURT-1-AD-1",
                "compartment_id": "ocid1.compartment.oc1..aaaaaaaaadu2yfvlz3rq3qaperetoos523bbgec25xsm6z3qutr2ds7qyg7q",
                "create_vnic_details": [],
                "display_name": "",
                "id": "ocid1.vnicattachment.oc1.eu-frankfurt-1.antheljszjgvoqycp6p6lhower53qj2nwk7rftvnvbaxsxk3defyfsvj7qra",
                "instance_id": "ocid1.instance.oc1.eu-frankfurt-1.antheljszjgvoqyc7lc3lr2w2zo3w5lb765rnvhrrgksoukmzdcsfip5sx7q",
                "nic_index": 0,
                "state": "ATTACHED",
                "subnet_id": "ocid1.subnet.oc1.eu-frankfurt-1.aaaaaaaagbau43rporciuohl2wfa6i7pwmhgqhhodedljoy3wlpyxdyzuadq",
                "time_created": "2021-07-26 12:11:04.669 +0000 UTC",
                "vlan_id": "",
                "vlan_tag": 259,
                "vnic_id": "ocid1.vnic.oc1.eu-frankfurt-1.abtheljswaebt4sob7tpfsz436dn7d42vesq3adx5gbhdvghhfasa5vhzgua"
              }
            ],
            "vnic_id": null
          },
          "sensitive_attributes": []
        }
      ]
    },
    {
      "mode": "data",
      "type": "oci_identity_availability_domains",
      "name": "ADs",
      "provider": "provider[\"registry.terraform.io/hashicorp/oci\"]",
      "instances": [
        {
          "schema_version": 0,
          "attributes": {
            "availability_domains": [
              {
                "compartment_id": "ocid1.compartment.oc1..aaaaaaaaby25f6lugn4rjkgr2672usv22prrgp3zxjn64o7s2zyi4lyw5s2q",
                "id": "ocid1.availabilitydomain.oc1..aaaaaaaaa2artt5wizbqvwl3rgptylx2l7jqbnyv4dygcfvlrd3dphvi3mdq",
                "name": "kWcK:EU-FRANKFURT-1-AD-1"
              },
              {
                "compartment_id": "ocid1.compartment.oc1..aaaaaaaaby25f6lugn4rjkgr2672usv22prrgp3zxjn64o7s2zyi4lyw5s2q",
                "id": "ocid1.availabilitydomain.oc1..aaaaaaaalcdcbl7u6akbmkojxhrozpj2v7yavqqydkj3ytyjbt47lnoqnm2q",
                "name": "kWcK:EU-FRANKFURT-1-AD-2"
              },
              {
                "compartment_id": "ocid1.compartment.oc1..aaaaaaaaby25f6lugn4rjkgr2672usv22prrgp3zxjn64o7s2zyi4lyw5s2q",
                "id": "ocid1.availabilitydomain.oc1..aaaaaaaaiifj24st3w4j7cowuo3pmqcuqwjapjv435vtjmgh5j7q3flguwna",
                "name": "kWcK:EU-FRANKFURT-1-AD-3"
              }
            ],
            "compartment_id": "ocid1.compartment.oc1..aaaaaaaaby25f6lugn4rjkgr2672usv22prrgp3zxjn64o7s2zyi4lyw5s2q",
            "filter": null,
            "id": "IdentityAvailabilityDomainsDataSource-3717601486"
          },
          "sensitive_attributes": []
        }
      ]
    },
    {
      "mode": "managed",
      "type": "null_resource",
      "name": "testWebserver1HTTPD",
      "provider": "provider[\"registry.terraform.io/hashicorp/null\"]",
      "instances": [
        {
          "schema_version": 0,
          "attributes": {
            "id": "4455810785927290171",
            "triggers": null
          },
          "sensitive_attributes": [],
          "private": "bnVsbA==",
          "dependencies": [
            "data.oci_core_images.OSImage",
            "data.oci_core_vnic.testWebserver_VNIC1",
            "data.oci_core_vnic_attachments.testWebserver_VNIC1_attach",
            "data.oci_identity_availability_domains.ADs",
            "oci_core_dhcp_options.testDhcpOptions",
            "oci_core_instance.testWebserver",
            "oci_core_internet_gateway.testInternetGateway",
            "oci_core_route_table.testRouteTableViaIGW",
            "oci_core_security_list.testSecurityList",
            "oci_core_subnet.testWebSubnet",
            "oci_core_virtual_network.testVCN",
            "oci_identity_compartment.testCompartment",
            "tls_private_key.public_private_key_pair"
          ]
        }
      ]
    },
    {
      "mode": "managed",
      "type": "oci_core_dhcp_options",
      "name": "testDhcpOptions",
      "provider": "provider[\"registry.terraform.io/hashicorp/oci\"]",
      "instances": [
        {
          "schema_version": 0,
          "attributes": {
            "compartment_id": "ocid1.compartment.oc1..aaaaaaaaadu2yfvlz3rq3qaperetoos523bbgec25xsm6z3qutr2ds7qyg7q",
            "defined_tags": {
              "Oracle-Tags.CreatedBy": "oracleidentitycloudservice/narender.gaddam@oracle.com",
              "Oracle-Tags.CreatedOn": "2021-07-26T12:10:54.445Z",
              "Schedule.AnyDay": "*,*,*,*,*,*,*,*,*,*,*,*,*,*,*,*,0,*,*,*,*,*,*,*"
            },
            "display_name": "testDhcpOptions",
            "domain_name_type": "CUSTOM_DOMAIN",
            "freeform_tags": {},
            "id": "ocid1.dhcpoptions.oc1.eu-frankfurt-1.aaaaaaaatgec3thi2sx5qy7e6md2oj4cdjkcrfdd456gvqguowuxzphdx7qq",
            "options": [
              {
                "custom_dns_servers": [],
                "search_domain_names": [],
                "server_type": "VcnLocalPlusInternet",
                "type": "DomainNameServer"
              }
            ],
            "state": "AVAILABLE",
            "time_created": "2021-07-26 12:10:54.476 +0000 UTC",
            "timeouts": null,
            "vcn_id": "ocid1.vcn.oc1.eu-frankfurt-1.amaaaaaazjgvoqyauo2sty4f5spd2hoxqcmcsby54srbufex3lesnki5cx7q"
          },
          "sensitive_attributes": [],
          "private": "eyJlMmJmYjczMC1lY2FhLTExZTYtOGY4OC0zNDM2M2JjN2M0YzAiOnsiY3JlYXRlIjoxMjAwMDAwMDAwMDAwLCJkZWxldGUiOjEyMDAwMDAwMDAwMDAsInVwZGF0ZSI6MTIwMDAwMDAwMDAwMH19",
          "dependencies": [
            "oci_core_virtual_network.testVCN",
            "oci_identity_compartment.testCompartment"
          ]
        }
      ]
    },
    {
      "mode": "managed",
      "type": "oci_core_instance",
      "name": "testWebserver",
      "provider": "provider[\"registry.terraform.io/hashicorp/oci\"]",
      "instances": [
        {
          "schema_version": 0,
          "attributes": {
            "agent_config": [
              {
                "are_all_plugins_disabled": false,
                "is_management_disabled": false,
                "is_monitoring_disabled": false,
                "plugins_config": []
              }
            ],
            "availability_config": [
              {
                "is_live_migration_preferred": false,
                "recovery_action": "RESTORE_INSTANCE"
              }
            ],
            "availability_domain": "kWcK:EU-FRANKFURT-1-AD-1",
            "boot_volume_id": "ocid1.bootvolume.oc1.eu-frankfurt-1.abtheljshjx5wz2g44cksrqyxvpd3m24tjbqjzw6tjihoc3uuhazgy3tsoya",
            "capacity_reservation_id": null,
            "compartment_id": "ocid1.compartment.oc1..aaaaaaaaadu2yfvlz3rq3qaperetoos523bbgec25xsm6z3qutr2ds7qyg7q",
            "create_vnic_details": [
              {
                "assign_private_dns_record": false,
                "assign_public_ip": "true",
                "defined_tags": {
                  "Oracle-Tags.CreatedBy": "oracleidentitycloudservice/narender.gaddam@oracle.com",
                  "Oracle-Tags.CreatedOn": "2021-07-26T12:10:57.740Z",
                  "Schedule.AnyDay": "*,*,*,*,*,*,*,*,*,*,*,*,*,*,*,*,0,*,*,*,*,*,*,*"
                },
                "display_name": "testWebserver",
                "freeform_tags": {},
                "hostname_label": "",
                "nsg_ids": null,
                "private_ip": "10.0.1.65",
                "skip_source_dest_check": false,
                "subnet_id": "ocid1.subnet.oc1.eu-frankfurt-1.aaaaaaaagbau43rporciuohl2wfa6i7pwmhgqhhodedljoy3wlpyxdyzuadq",
                "vlan_id": ""
              }
            ],
            "dedicated_vm_host_id": null,
            "defined_tags": {
              "Oracle-Tags.CreatedBy": "oracleidentitycloudservice/narender.gaddam@oracle.com",
              "Oracle-Tags.CreatedOn": "2021-07-26T12:10:57.552Z",
              "Schedule.AnyDay": "*,*,*,*,*,*,*,*,*,*,*,*,*,*,*,*,0,*,*,*,*,*,*,*"
            },
            "display_name": "testWebserver",
            "extended_metadata": null,
            "fault_domain": "FAULT-DOMAIN-2",
            "freeform_tags": {},
            "hostname_label": "",
            "id": "ocid1.instance.oc1.eu-frankfurt-1.antheljszjgvoqyc7lc3lr2w2zo3w5lb765rnvhrrgksoukmzdcsfip5sx7q",
            "image": "ocid1.image.oc1.eu-frankfurt-1.aaaaaaaajlbjf3l5bthwf6nphctu33ytm65r237bmbdjiik4jyfdxjx5iiea",
            "instance_options": [
              {
                "are_legacy_imds_endpoints_disabled": false
              }
            ],
            "ipxe_script": null,
            "is_pv_encryption_in_transit_enabled": null,
            "launch_mode": "PARAVIRTUALIZED",
            "launch_options": [
              {
                "boot_volume_type": "PARAVIRTUALIZED",
                "firmware": "UEFI_64",
                "is_consistent_volume_naming_enabled": true,
                "is_pv_encryption_in_transit_enabled": false,
                "network_type": "PARAVIRTUALIZED",
                "remote_data_volume_type": "PARAVIRTUALIZED"
              }
            ],
            "metadata": {
              "ssh_authorized_keys": "ssh-rsa AAAAB3NzaC1yc2EAAAADAQABAAABAQDCxdek17Jf/iSZ6bfKkOZiRfRT8KvndDNgKpkMzIP/BowoB2xW/xDy//jGnU34jXFoCshrbnewawkkqc9DDRd1TmB6BKwsi1SJM81mRCQBtI3Vccma5864i+lYpAxHY8dlXQ+RhzTihzHz3z1+oazmXCR9pGNK/dvHaLUQDNRiN5pdUF1FN6Ax6ZmDO3pIxnaInOPsz8W4lpb36cfY3N1iGdJhFswPinplae0d8rd2U5/3SKw4zidIjjKDWGOjYmEfGxrMPMvXKmQz3kTQsxOPkHcR/CO2cbSpE9XqsdAhJIgrpIVeNKtNusO9uVyW7k7P5DvuUDwP6h5QiAx0RlAF\n"
            },
            "platform_config": [],
            "preemptible_instance_config": [],
            "preserve_boot_volume": null,
            "private_ip": "10.0.1.65",
            "public_ip": "130.61.177.28",
            "region": "eu-frankfurt-1",
            "shape": "VM.Standard.E3.Flex",
            "shape_config": [
              {
                "baseline_ocpu_utilization": "",
                "gpu_description": "",
                "gpus": 0,
                "local_disk_description": "",
                "local_disks": 0,
                "local_disks_total_size_in_gbs": 0,
                "max_vnic_attachments": 2,
                "memory_in_gbs": 4,
                "networking_bandwidth_in_gbps": 1,
                "ocpus": 1,
                "processor_description": "2.25 GHz AMD EPYC™ 7742 (Rome)"
              }
            ],
            "source_details": [
              {
                "boot_volume_size_in_gbs": "47",
                "kms_key_id": "",
                "source_id": "ocid1.image.oc1.eu-frankfurt-1.aaaaaaaajlbjf3l5bthwf6nphctu33ytm65r237bmbdjiik4jyfdxjx5iiea",
                "source_type": "image"
              }
            ],
            "state": "RUNNING",
            "subnet_id": "ocid1.subnet.oc1.eu-frankfurt-1.aaaaaaaagbau43rporciuohl2wfa6i7pwmhgqhhodedljoy3wlpyxdyzuadq",
            "system_tags": {},
            "time_created": "2021-07-26 12:10:58.064 +0000 UTC",
            "time_maintenance_reboot_due": "",
            "timeouts": null
          },
          "sensitive_attributes": [],
          "private": "eyJlMmJmYjczMC1lY2FhLTExZTYtOGY4OC0zNDM2M2JjN2M0YzAiOnsiY3JlYXRlIjoyNzAwMDAwMDAwMDAwLCJkZWxldGUiOjQ1MDAwMDAwMDAwMDAsInVwZGF0ZSI6MjcwMDAwMDAwMDAwMH19",
          "dependencies": [
            "data.oci_core_images.OSImage",
            "data.oci_identity_availability_domains.ADs",
            "oci_core_dhcp_options.testDhcpOptions",
            "oci_core_internet_gateway.testInternetGateway",
            "oci_core_route_table.testRouteTableViaIGW",
            "oci_core_security_list.testSecurityList",
            "oci_core_subnet.testWebSubnet",
            "oci_core_virtual_network.testVCN",
            "oci_identity_compartment.testCompartment",
            "tls_private_key.public_private_key_pair"
          ]
        }
      ]
    },
    {
      "mode": "managed",
      "type": "oci_core_internet_gateway",
      "name": "testInternetGateway",
      "provider": "provider[\"registry.terraform.io/hashicorp/oci\"]",
      "instances": [
        {
          "schema_version": 0,
          "attributes": {
            "compartment_id": "ocid1.compartment.oc1..aaaaaaaaadu2yfvlz3rq3qaperetoos523bbgec25xsm6z3qutr2ds7qyg7q",
            "defined_tags": {
              "Oracle-Tags.CreatedBy": "oracleidentitycloudservice/narender.gaddam@oracle.com",
              "Oracle-Tags.CreatedOn": "2021-07-26T12:10:54.071Z",
              "Schedule.AnyDay": "*,*,*,*,*,*,*,*,*,*,*,*,*,*,*,*,0,*,*,*,*,*,*,*"
            },
            "display_name": "testInternetGateway",
            "enabled": true,
            "freeform_tags": {},
            "id": "ocid1.internetgateway.oc1.eu-frankfurt-1.aaaaaaaa7f62ktgghsgpigdgm646efmdfd4khlsnb7xbz7tj4kbyuuxmjjvq",
            "state": "AVAILABLE",
            "time_created": "2021-07-26 12:10:54.109 +0000 UTC",
            "timeouts": null,
            "vcn_id": "ocid1.vcn.oc1.eu-frankfurt-1.amaaaaaazjgvoqyauo2sty4f5spd2hoxqcmcsby54srbufex3lesnki5cx7q"
          },
          "sensitive_attributes": [],
          "private": "eyJlMmJmYjczMC1lY2FhLTExZTYtOGY4OC0zNDM2M2JjN2M0YzAiOnsiY3JlYXRlIjoxMjAwMDAwMDAwMDAwLCJkZWxldGUiOjEyMDAwMDAwMDAwMDAsInVwZGF0ZSI6MTIwMDAwMDAwMDAwMH19",
          "dependencies": [
            "oci_core_virtual_network.testVCN",
            "oci_identity_compartment.testCompartment"
          ]
        }
      ]
    },
    {
      "mode": "managed",
      "type": "oci_core_route_table",
      "name": "testRouteTableViaIGW",
      "provider": "provider[\"registry.terraform.io/hashicorp/oci\"]",
      "instances": [
        {
          "schema_version": 0,
          "attributes": {
            "compartment_id": "ocid1.compartment.oc1..aaaaaaaaadu2yfvlz3rq3qaperetoos523bbgec25xsm6z3qutr2ds7qyg7q",
            "defined_tags": {
              "Oracle-Tags.CreatedBy": "oracleidentitycloudservice/narender.gaddam@oracle.com",
              "Oracle-Tags.CreatedOn": "2021-07-26T12:10:54.941Z",
              "Schedule.AnyDay": "*,*,*,*,*,*,*,*,*,*,*,*,*,*,*,*,0,*,*,*,*,*,*,*"
            },
            "display_name": "testRouteTableViaIGW",
            "freeform_tags": {},
            "id": "ocid1.routetable.oc1.eu-frankfurt-1.aaaaaaaatd3vrgw5mci6mve3ytlsququs2jjwb4wpurqmszut6uulpsuwvaq",
            "route_rules": [
              {
                "cidr_block": "",
                "description": "",
                "destination": "0.0.0.0/0",
                "destination_type": "CIDR_BLOCK",
                "network_entity_id": "ocid1.internetgateway.oc1.eu-frankfurt-1.aaaaaaaa7f62ktgghsgpigdgm646efmdfd4khlsnb7xbz7tj4kbyuuxmjjvq"
              }
            ],
            "state": "AVAILABLE",
            "time_created": "2021-07-26 12:10:54.965 +0000 UTC",
            "timeouts": null,
            "vcn_id": "ocid1.vcn.oc1.eu-frankfurt-1.amaaaaaazjgvoqyauo2sty4f5spd2hoxqcmcsby54srbufex3lesnki5cx7q"
          },
          "sensitive_attributes": [],
          "private": "eyJlMmJmYjczMC1lY2FhLTExZTYtOGY4OC0zNDM2M2JjN2M0YzAiOnsiY3JlYXRlIjoxMjAwMDAwMDAwMDAwLCJkZWxldGUiOjEyMDAwMDAwMDAwMDAsInVwZGF0ZSI6MTIwMDAwMDAwMDAwMH19",
          "dependencies": [
            "oci_core_internet_gateway.testInternetGateway",
            "oci_core_virtual_network.testVCN",
            "oci_identity_compartment.testCompartment"
          ]
        }
      ]
    },
    {
      "mode": "managed",
      "type": "oci_core_security_list",
      "name": "testSecurityList",
      "provider": "provider[\"registry.terraform.io/hashicorp/oci\"]",
      "instances": [
        {
          "schema_version": 0,
          "attributes": {
            "compartment_id": "ocid1.compartment.oc1..aaaaaaaaadu2yfvlz3rq3qaperetoos523bbgec25xsm6z3qutr2ds7qyg7q",
            "defined_tags": {
              "Oracle-Tags.CreatedBy": "oracleidentitycloudservice/narender.gaddam@oracle.com",
              "Oracle-Tags.CreatedOn": "2021-07-26T12:10:54.573Z",
              "Schedule.AnyDay": "*,*,*,*,*,*,*,*,*,*,*,*,*,*,*,*,0,*,*,*,*,*,*,*"
            },
            "display_name": "testSecurityList",
            "egress_security_rules": [
              {
                "description": "",
                "destination": "0.0.0.0/0",
                "destination_type": "CIDR_BLOCK",
                "icmp_options": [],
                "protocol": "6",
                "stateless": false,
                "tcp_options": [],
                "udp_options": []
              }
            ],
            "freeform_tags": {},
            "id": "ocid1.securitylist.oc1.eu-frankfurt-1.aaaaaaaap74syiablfjtygais233cjiqlmhm6yxbnomzvbgn2htouji4ly7a",
            "ingress_security_rules": [
              {
                "description": "",
                "icmp_options": [],
                "protocol": "6",
                "source": "0.0.0.0/0",
                "source_type": "CIDR_BLOCK",
                "stateless": false,
                "tcp_options": [
                  {
                    "max": 22,
                    "min": 22,
                    "source_port_range": []
                  }
                ],
                "udp_options": []
              },
              {
                "description": "",
                "icmp_options": [],
                "protocol": "6",
                "source": "0.0.0.0/0",
                "source_type": "CIDR_BLOCK",
                "stateless": false,
                "tcp_options": [
                  {
                    "max": 443,
                    "min": 443,
                    "source_port_range": []
                  }
                ],
                "udp_options": []
              },
              {
                "description": "",
                "icmp_options": [],
                "protocol": "6",
                "source": "0.0.0.0/0",
                "source_type": "CIDR_BLOCK",
                "stateless": false,
                "tcp_options": [
                  {
                    "max": 80,
                    "min": 80,
                    "source_port_range": []
                  }
                ],
                "udp_options": []
              },
              {
                "description": "",
                "icmp_options": [],
                "protocol": "6",
                "source": "10.0.0.0/16",
                "source_type": "CIDR_BLOCK",
                "stateless": false,
                "tcp_options": [],
                "udp_options": []
              }
            ],
            "state": "AVAILABLE",
            "time_created": "2021-07-26 12:10:54.61 +0000 UTC",
            "timeouts": null,
            "vcn_id": "ocid1.vcn.oc1.eu-frankfurt-1.amaaaaaazjgvoqyauo2sty4f5spd2hoxqcmcsby54srbufex3lesnki5cx7q"
          },
          "sensitive_attributes": [],
          "private": "eyJlMmJmYjczMC1lY2FhLTExZTYtOGY4OC0zNDM2M2JjN2M0YzAiOnsiY3JlYXRlIjoxMjAwMDAwMDAwMDAwLCJkZWxldGUiOjEyMDAwMDAwMDAwMDAsInVwZGF0ZSI6MTIwMDAwMDAwMDAwMH19",
          "dependencies": [
            "oci_core_virtual_network.testVCN",
            "oci_identity_compartment.testCompartment"
          ]
        }
      ]
    },
    {
      "mode": "managed",
      "type": "oci_core_subnet",
      "name": "testWebSubnet",
      "provider": "provider[\"registry.terraform.io/hashicorp/oci\"]",
      "instances": [
        {
          "schema_version": 0,
          "attributes": {
            "availability_domain": null,
            "cidr_block": "10.0.1.0/24",
            "compartment_id": "ocid1.compartment.oc1..aaaaaaaaadu2yfvlz3rq3qaperetoos523bbgec25xsm6z3qutr2ds7qyg7q",
            "defined_tags": {
              "Oracle-Tags.CreatedBy": "oracleidentitycloudservice/narender.gaddam@oracle.com",
              "Oracle-Tags.CreatedOn": "2021-07-26T12:10:55.708Z",
              "Schedule.AnyDay": "*,*,*,*,*,*,*,*,*,*,*,*,*,*,*,*,0,*,*,*,*,*,*,*"
            },
            "dhcp_options_id": "ocid1.dhcpoptions.oc1.eu-frankfurt-1.aaaaaaaatgec3thi2sx5qy7e6md2oj4cdjkcrfdd456gvqguowuxzphdx7qq",
            "display_name": "testWebSubnet",
            "dns_label": null,
            "freeform_tags": {},
            "id": "ocid1.subnet.oc1.eu-frankfurt-1.aaaaaaaagbau43rporciuohl2wfa6i7pwmhgqhhodedljoy3wlpyxdyzuadq",
            "ipv6cidr_block": null,
            "ipv6virtual_router_ip": null,
            "prohibit_internet_ingress": false,
            "prohibit_public_ip_on_vnic": false,
            "route_table_id": "ocid1.routetable.oc1.eu-frankfurt-1.aaaaaaaatd3vrgw5mci6mve3ytlsququs2jjwb4wpurqmszut6uulpsuwvaq",
            "security_list_ids": [
              "ocid1.securitylist.oc1.eu-frankfurt-1.aaaaaaaap74syiablfjtygais233cjiqlmhm6yxbnomzvbgn2htouji4ly7a"
            ],
            "state": "AVAILABLE",
            "subnet_domain_name": null,
            "time_created": "2021-07-26 12:10:55.759 +0000 UTC",
            "timeouts": null,
            "vcn_id": "ocid1.vcn.oc1.eu-frankfurt-1.amaaaaaazjgvoqyauo2sty4f5spd2hoxqcmcsby54srbufex3lesnki5cx7q",
            "virtual_router_ip": "10.0.1.1",
            "virtual_router_mac": "00:00:17:49:49:8B"
          },
          "sensitive_attributes": [],
          "private": "eyJlMmJmYjczMC1lY2FhLTExZTYtOGY4OC0zNDM2M2JjN2M0YzAiOnsiY3JlYXRlIjoxMjAwMDAwMDAwMDAwLCJkZWxldGUiOjEyMDAwMDAwMDAwMDAsInVwZGF0ZSI6MTIwMDAwMDAwMDAwMH19",
          "dependencies": [
            "oci_core_dhcp_options.testDhcpOptions",
            "oci_core_internet_gateway.testInternetGateway",
            "oci_core_route_table.testRouteTableViaIGW",
            "oci_core_security_list.testSecurityList",
            "oci_core_virtual_network.testVCN",
            "oci_identity_compartment.testCompartment"
          ]
        }
      ]
    },
    {
      "mode": "managed",
      "type": "oci_core_virtual_network",
      "name": "testVCN",
      "provider": "provider[\"registry.terraform.io/hashicorp/oci\"]",
      "instances": [
        {
          "schema_version": 0,
          "attributes": {
            "cidr_block": "10.0.0.0/16",
            "cidr_blocks": [
              "10.0.0.0/16"
            ],
            "compartment_id": "ocid1.compartment.oc1..aaaaaaaaadu2yfvlz3rq3qaperetoos523bbgec25xsm6z3qutr2ds7qyg7q",
            "default_dhcp_options_id": "ocid1.dhcpoptions.oc1.eu-frankfurt-1.aaaaaaaa7xvqk4iyc7lprxazxk45av7e55r2a6dey4sahp7y3xa4cd66ts3a",
            "default_route_table_id": "ocid1.routetable.oc1.eu-frankfurt-1.aaaaaaaarldbmy443qrp6w76oxzqfwbm3qaf5q3oqowdgfu7yhqojpn2ruvq",
            "default_security_list_id": "ocid1.securitylist.oc1.eu-frankfurt-1.aaaaaaaas2mdpblh5gpawai3irt7ioqms665l3sellllgae3tc6mmbngvfma",
            "defined_tags": {
              "Oracle-Tags.CreatedBy": "oracleidentitycloudservice/narender.gaddam@oracle.com",
              "Oracle-Tags.CreatedOn": "2021-07-26T12:10:53.039Z",
              "Schedule.AnyDay": "*,*,*,*,*,*,*,*,*,*,*,*,*,*,*,*,0,*,*,*,*,*,*,*"
            },
            "display_name": "testVCN",
            "dns_label": "testvcn",
            "freeform_tags": {},
            "id": "ocid1.vcn.oc1.eu-frankfurt-1.amaaaaaazjgvoqyauo2sty4f5spd2hoxqcmcsby54srbufex3lesnki5cx7q",
            "ipv6cidr_blocks": [],
            "is_ipv6enabled": false,
            "state": "AVAILABLE",
            "time_created": "2021-07-26 12:10:53.151 +0000 UTC",
            "timeouts": null,
            "vcn_domain_name": "testvcn.oraclevcn.com"
          },
          "sensitive_attributes": [],
          "private": "eyJlMmJmYjczMC1lY2FhLTExZTYtOGY4OC0zNDM2M2JjN2M0YzAiOnsiY3JlYXRlIjoxMjAwMDAwMDAwMDAwLCJkZWxldGUiOjEyMDAwMDAwMDAwMDAsInVwZGF0ZSI6MTIwMDAwMDAwMDAwMH19",
          "dependencies": [
            "oci_identity_compartment.testCompartment"
          ]
        }
      ]
    },
    {
      "mode": "managed",
      "type": "oci_identity_compartment",
      "name": "testCompartment",
      "provider": "provider[\"registry.terraform.io/hashicorp/oci\"]",
      "instances": [
        {
          "schema_version": 0,
          "attributes": {
            "compartment_id": "ocid1.compartment.oc1..aaaaaaaaby25f6lugn4rjkgr2672usv22prrgp3zxjn64o7s2zyi4lyw5s2q",
            "defined_tags": {
              "Oracle-Tags.CreatedBy": "oracleidentitycloudservice/narender.gaddam@oracle.com",
              "Oracle-Tags.CreatedOn": "2021-07-26T12:09:51.010Z",
              "Schedule.AnyDay": "*,*,*,*,*,*,*,*,*,*,*,*,*,*,*,*,0,*,*,*,*,*,*,*"
            },
            "description": "Compartment for testing",
            "enable_delete": null,
            "freeform_tags": {},
            "id": "ocid1.compartment.oc1..aaaaaaaaadu2yfvlz3rq3qaperetoos523bbgec25xsm6z3qutr2ds7qyg7q",
            "inactive_state": null,
            "is_accessible": true,
            "name": "testCompartment",
            "state": "ACTIVE",
            "time_created": "2021-07-26 12:09:51.798 +0000 UTC",
            "timeouts": null
          },
          "sensitive_attributes": [],
          "private": "eyJlMmJmYjczMC1lY2FhLTExZTYtOGY4OC0zNDM2M2JjN2M0YzAiOnsiZGVsZXRlIjo1NDAwMDAwMDAwMDAwfX0="
        }
      ]
    },
    {
      "mode": "managed",
      "type": "tls_private_key",
      "name": "public_private_key_pair",
      "provider": "provider[\"registry.terraform.io/hashicorp/tls\"]",
      "instances": [
        {
          "schema_version": 0,
          "attributes": {
            "algorithm": "RSA",
            "ecdsa_curve": "P224",
            "id": "a3fd1ab779ff4357278927e0b339f52b3e6183d4",
            "private_key_pem": "-----BEGIN RSA PRIVATE KEY-----\nMIIEpAIBAAKCAQEAwsXXpNeyX/4kmem3ypDmYkX0U/Cr53QzYCqZDMyD/waMKAds\nVv8Q8v/4xp1N+I1xaArIa253sGsJJKnPQw0XdU5gegSsLItUiTPNZkQkAbSN1XHJ\nmufOuIvpWKQMR2PHZV0PkYc04ocx8989fqGs5lwkfaRjSv3bx2i1EAzUYjeaXVBd\nRTegMemZgzt6SMZ2iJzj7M/FuJaW9+nH2NzdYhnSYRbMD4p6ZWntHfK3dlOf90is\nOM4nSI4yg1hjo2JhHxsazDzL1ypkM95E0LMTj5B3EfwjtnG0qRPV6rHQISSIK6SF\nXjSrTbrDvblclu5Oz+Q77lA8D+oeUIgMdEZQBQIDAQABAoIBAQCPi5e+WWmQ7ZC0\nDlfx5pCkZMIJCxrmXfFvMnXRxPiS/5RT/ASQqTMopBYI6u4H/NZTw36qDqQPVRNL\n/gpOdFuRjM31n3P08ErBQ3hhol6XEyZk5JOcorLrt9GmDmEuTA8sWUWcD3Webd0W\nyrRbm3P94nLSVlEHd8h+UmD/DzWHnAAITqto/V4I6c49iPfsQZqzSudWR3qPczCO\nFKrRNiHbvhJqkM60OcruXxHsUcD1azVvGQBP9lYGNzxytPeSvIFsXR0yLOePNkl2\nfAsUI0AYn8slvtHfCHiaJR8F+XMp/m5rp576Xobo6ePsbBCEirutpAAnR7czRMi/\nakDydU8BAoGBAPjgEvaJRF7OoyZYVGxtIyHvFyodEOwG1UJu4gpiceH/FvKH/hEb\noUzeL+8pAVEvD6VC2bRYt9oZpeFTXM70acYfZOa08/jVBGFEzb5ldXt2s9CN+wFN\njZfvAdP/9KgHr7jrI9gzekbQaYRTeA1FwGZ6PMvkelA+6AUexim6r7C1AoGBAMhZ\nRNgjo6w06OqS+0sO6ir/uRpKSuYJ9mrEqWRCvxcxO2fTpvBPThO51+/G1TeDhHUF\neKkAzqHV0J8nXiGgzvzFwaTG8YKSY54T0Z0qm66iXv6N9VlJ8lcD51hg88ORbF6U\nZ5pkxJrEQEhZfD4/SjA0EtpNACPbCUkQlVc9rcQRAoGBAKUDBO+7sb5eqeQZutgt\nQJcWTLiajwa/vRSQKoWSIkoi9VcXfghf1oH967BZ8sqeNnRvr6MZE8WjLc4JlMaP\nXbaESEWDgyPgMUhA812jLdMPsEe+a8fAYPp0+TRUSCZE+mjUV27ZKuDa/KtFIJtE\nPT51G+xgcAzWuMX0UpWGd0jlAoGAVhU9Jl1R0wk81qVmwd5bsTQFVY18VxEKxt9P\nJRwkvRNTQg5H2VNJ6eHdLVJShLLGs/0w1fTZ0+Fp7SheIrbUmPljdahhVsgNc3ty\ngkQvdj6f8GIQfFfwf4DW4zttIaeXV6AOT+FiNFmEgVGpt5k8CDAntZKGL+HKQJGW\niVCgG/ECgYAhBTqpabjBHrAG+jZ7yLxmZCqgXYaOfriih59EFtRS6OKBGCNMf5Tf\n3B/wAuEgDqD8m4XRLKJSJJwUIavthKg7BiA7b8RSMD69va+1QWK89OzRWHgWNMjk\nLbhp83U/+XEvf6JiRIOVdLi4qmwVDVFv1mew4G8DspBmfQgTDuTa2w==\n-----END RSA PRIVATE KEY-----\n",
            "public_key_fingerprint_md5": "a3:29:09:14:50:24:24:c8:f3:c6:be:06:0c:73:95:2b",
            "public_key_openssh": "ssh-rsa AAAAB3NzaC1yc2EAAAADAQABAAABAQDCxdek17Jf/iSZ6bfKkOZiRfRT8KvndDNgKpkMzIP/BowoB2xW/xDy//jGnU34jXFoCshrbnewawkkqc9DDRd1TmB6BKwsi1SJM81mRCQBtI3Vccma5864i+lYpAxHY8dlXQ+RhzTihzHz3z1+oazmXCR9pGNK/dvHaLUQDNRiN5pdUF1FN6Ax6ZmDO3pIxnaInOPsz8W4lpb36cfY3N1iGdJhFswPinplae0d8rd2U5/3SKw4zidIjjKDWGOjYmEfGxrMPMvXKmQz3kTQsxOPkHcR/CO2cbSpE9XqsdAhJIgrpIVeNKtNusO9uVyW7k7P5DvuUDwP6h5QiAx0RlAF\n",
            "public_key_pem": "-----BEGIN PUBLIC KEY-----\nMIIBIjANBgkqhkiG9w0BAQEFAAOCAQ8AMIIBCgKCAQEAwsXXpNeyX/4kmem3ypDm\nYkX0U/Cr53QzYCqZDMyD/waMKAdsVv8Q8v/4xp1N+I1xaArIa253sGsJJKnPQw0X\ndU5gegSsLItUiTPNZkQkAbSN1XHJmufOuIvpWKQMR2PHZV0PkYc04ocx8989fqGs\n5lwkfaRjSv3bx2i1EAzUYjeaXVBdRTegMemZgzt6SMZ2iJzj7M/FuJaW9+nH2Nzd\nYhnSYRbMD4p6ZWntHfK3dlOf90isOM4nSI4yg1hjo2JhHxsazDzL1ypkM95E0LMT\nj5B3EfwjtnG0qRPV6rHQISSIK6SFXjSrTbrDvblclu5Oz+Q77lA8D+oeUIgMdEZQ\nBQIDAQAB\n-----END PUBLIC KEY-----\n",
            "rsa_bits": 2048
          },
          "sensitive_attributes": [],
          "private": "bnVsbA=="
        }
      ]
    }
  ]
}
